// !$*UTF8*$!
{
	archiveVersion = 1;
	classes = {
	};
	objectVersion = 50;
	objects = {

/* Begin PBXBuildFile section */
		0D5166562C77ED61ECE2BED2 /* Pods_MovieBestAppTests.framework in Frameworks */ = {isa = PBXBuildFile; fileRef = 49D5D8A973CCC034C09692C9 /* Pods_MovieBestAppTests.framework */; };
		3CAF78A067B5F2CA8711CB75 /* Pods_MovieBestApp.framework in Frameworks */ = {isa = PBXBuildFile; fileRef = C070A10CAF4C78DFCD336F55 /* Pods_MovieBestApp.framework */; };
		992D580421A170A4009BEB67 /* MovieTableViewCell.swift in Sources */ = {isa = PBXBuildFile; fileRef = 992D580221A170A4009BEB67 /* MovieTableViewCell.swift */; };
		992D580521A170A4009BEB67 /* MovieTableViewCell.xib in Resources */ = {isa = PBXBuildFile; fileRef = 992D580321A170A4009BEB67 /* MovieTableViewCell.xib */; };
		992D580721A17E2B009BEB67 /* Movie.swift in Sources */ = {isa = PBXBuildFile; fileRef = 992D580621A17E2B009BEB67 /* Movie.swift */; };
		992D580921A1A72E009BEB67 /* DetailMovieViewController.swift in Sources */ = {isa = PBXBuildFile; fileRef = 992D580821A1A72E009BEB67 /* DetailMovieViewController.swift */; };
		992D581021A1B607009BEB67 /* DetailMovieTableViewCell.swift in Sources */ = {isa = PBXBuildFile; fileRef = 992D580E21A1B607009BEB67 /* DetailMovieTableViewCell.swift */; };
		992D581121A1B607009BEB67 /* DetailMovieTableViewCell.xib in Resources */ = {isa = PBXBuildFile; fileRef = 992D580F21A1B607009BEB67 /* DetailMovieTableViewCell.xib */; };
		992D581721A1BF76009BEB67 /* MovieCollectionViewTableViewCell.swift in Sources */ = {isa = PBXBuildFile; fileRef = 992D581521A1BF76009BEB67 /* MovieCollectionViewTableViewCell.swift */; };
		992D581821A1BF76009BEB67 /* MovieCollectionViewTableViewCell.xib in Resources */ = {isa = PBXBuildFile; fileRef = 992D581621A1BF76009BEB67 /* MovieCollectionViewTableViewCell.xib */; };
		992D581B21A1C085009BEB67 /* ActorCollectionViewCell.swift in Sources */ = {isa = PBXBuildFile; fileRef = 992D581921A1C085009BEB67 /* ActorCollectionViewCell.swift */; };
		992D581C21A1C085009BEB67 /* ActorCollectionViewCell.xib in Resources */ = {isa = PBXBuildFile; fileRef = 992D581A21A1C085009BEB67 /* ActorCollectionViewCell.xib */; };
		994D92A921A1C1AC006AD23B /* SimilarMovieCollectionViewCell.swift in Sources */ = {isa = PBXBuildFile; fileRef = 994D92A721A1C1AC006AD23B /* SimilarMovieCollectionViewCell.swift */; };
		994D92AA21A1C1AC006AD23B /* SimilarMovieCollectionViewCell.xib in Resources */ = {isa = PBXBuildFile; fileRef = 994D92A821A1C1AC006AD23B /* SimilarMovieCollectionViewCell.xib */; };
		994D92AC21A1C284006AD23B /* Actor.swift in Sources */ = {isa = PBXBuildFile; fileRef = 994D92AB21A1C284006AD23B /* Actor.swift */; };
		BD3389BB5441AF33733B31A8 /* Pods_MovieBestAppUITests.framework in Frameworks */ = {isa = PBXBuildFile; fileRef = DE0F1B3A304600F38AA6BF53 /* Pods_MovieBestAppUITests.framework */; };
		C8AB8F76219EF792006225E5 /* AppDelegate.swift in Sources */ = {isa = PBXBuildFile; fileRef = C8AB8F75219EF792006225E5 /* AppDelegate.swift */; };
		C8AB8F7B219EF792006225E5 /* Main.storyboard in Resources */ = {isa = PBXBuildFile; fileRef = C8AB8F79219EF792006225E5 /* Main.storyboard */; };
		C8AB8F7D219EF794006225E5 /* Assets.xcassets in Resources */ = {isa = PBXBuildFile; fileRef = C8AB8F7C219EF794006225E5 /* Assets.xcassets */; };
		C8AB8F80219EF794006225E5 /* LaunchScreen.storyboard in Resources */ = {isa = PBXBuildFile; fileRef = C8AB8F7E219EF794006225E5 /* LaunchScreen.storyboard */; };
		C8AB8F8B219EF794006225E5 /* MovieBestAppTests.swift in Sources */ = {isa = PBXBuildFile; fileRef = C8AB8F8A219EF794006225E5 /* MovieBestAppTests.swift */; };
		C8AB8F96219EF794006225E5 /* MovieBestAppUITests.swift in Sources */ = {isa = PBXBuildFile; fileRef = C8AB8F95219EF794006225E5 /* MovieBestAppUITests.swift */; };
		C8AB8FA9219EF99A006225E5 /* MovieService.swift in Sources */ = {isa = PBXBuildFile; fileRef = C8AB8FA8219EF99A006225E5 /* MovieService.swift */; };
		C8AB8FAB219EFA70006225E5 /* MovieViewController.swift in Sources */ = {isa = PBXBuildFile; fileRef = C8AB8FAA219EFA70006225E5 /* MovieViewController.swift */; };
/* End PBXBuildFile section */

/* Begin PBXContainerItemProxy section */
		C8AB8F87219EF794006225E5 /* PBXContainerItemProxy */ = {
			isa = PBXContainerItemProxy;
			containerPortal = C8AB8F6A219EF792006225E5 /* Project object */;
			proxyType = 1;
			remoteGlobalIDString = C8AB8F71219EF792006225E5;
			remoteInfo = MovieBestApp;
		};
		C8AB8F92219EF794006225E5 /* PBXContainerItemProxy */ = {
			isa = PBXContainerItemProxy;
			containerPortal = C8AB8F6A219EF792006225E5 /* Project object */;
			proxyType = 1;
			remoteGlobalIDString = C8AB8F71219EF792006225E5;
			remoteInfo = MovieBestApp;
		};
/* End PBXContainerItemProxy section */

/* Begin PBXFileReference section */
		3518A69E42BF087303F4B4D5 /* Pods-MovieBestAppUITests.release.xcconfig */ = {isa = PBXFileReference; includeInIndex = 1; lastKnownFileType = text.xcconfig; name = "Pods-MovieBestAppUITests.release.xcconfig"; path = "Pods/Target Support Files/Pods-MovieBestAppUITests/Pods-MovieBestAppUITests.release.xcconfig"; sourceTree = "<group>"; };
		49D5D8A973CCC034C09692C9 /* Pods_MovieBestAppTests.framework */ = {isa = PBXFileReference; explicitFileType = wrapper.framework; includeInIndex = 0; path = Pods_MovieBestAppTests.framework; sourceTree = BUILT_PRODUCTS_DIR; };
		4F19E2C5D1D4AB22260498B0 /* Pods-MovieBestAppTests.release.xcconfig */ = {isa = PBXFileReference; includeInIndex = 1; lastKnownFileType = text.xcconfig; name = "Pods-MovieBestAppTests.release.xcconfig"; path = "Pods/Target Support Files/Pods-MovieBestAppTests/Pods-MovieBestAppTests.release.xcconfig"; sourceTree = "<group>"; };
		8C5CA1D669890C3C31D1A6FF /* Pods-MovieBestApp.release.xcconfig */ = {isa = PBXFileReference; includeInIndex = 1; lastKnownFileType = text.xcconfig; name = "Pods-MovieBestApp.release.xcconfig"; path = "Pods/Target Support Files/Pods-MovieBestApp/Pods-MovieBestApp.release.xcconfig"; sourceTree = "<group>"; };
		992D580221A170A4009BEB67 /* MovieTableViewCell.swift */ = {isa = PBXFileReference; lastKnownFileType = sourcecode.swift; path = MovieTableViewCell.swift; sourceTree = "<group>"; };
		992D580321A170A4009BEB67 /* MovieTableViewCell.xib */ = {isa = PBXFileReference; lastKnownFileType = file.xib; path = MovieTableViewCell.xib; sourceTree = "<group>"; };
		992D580621A17E2B009BEB67 /* Movie.swift */ = {isa = PBXFileReference; lastKnownFileType = sourcecode.swift; name = Movie.swift; path = MovieBestApp/View/MovieTableViewCell/Movie.swift; sourceTree = SOURCE_ROOT; };
		992D580821A1A72E009BEB67 /* DetailMovieViewController.swift */ = {isa = PBXFileReference; lastKnownFileType = sourcecode.swift; path = DetailMovieViewController.swift; sourceTree = "<group>"; };
		992D580E21A1B607009BEB67 /* DetailMovieTableViewCell.swift */ = {isa = PBXFileReference; lastKnownFileType = sourcecode.swift; path = DetailMovieTableViewCell.swift; sourceTree = "<group>"; };
		992D580F21A1B607009BEB67 /* DetailMovieTableViewCell.xib */ = {isa = PBXFileReference; lastKnownFileType = file.xib; path = DetailMovieTableViewCell.xib; sourceTree = "<group>"; };
		992D581521A1BF76009BEB67 /* MovieCollectionViewTableViewCell.swift */ = {isa = PBXFileReference; lastKnownFileType = sourcecode.swift; path = MovieCollectionViewTableViewCell.swift; sourceTree = "<group>"; };
		992D581621A1BF76009BEB67 /* MovieCollectionViewTableViewCell.xib */ = {isa = PBXFileReference; lastKnownFileType = file.xib; path = MovieCollectionViewTableViewCell.xib; sourceTree = "<group>"; };
		992D581921A1C085009BEB67 /* ActorCollectionViewCell.swift */ = {isa = PBXFileReference; lastKnownFileType = sourcecode.swift; path = ActorCollectionViewCell.swift; sourceTree = "<group>"; };
		992D581A21A1C085009BEB67 /* ActorCollectionViewCell.xib */ = {isa = PBXFileReference; lastKnownFileType = file.xib; path = ActorCollectionViewCell.xib; sourceTree = "<group>"; };
		994D92A721A1C1AC006AD23B /* SimilarMovieCollectionViewCell.swift */ = {isa = PBXFileReference; lastKnownFileType = sourcecode.swift; path = SimilarMovieCollectionViewCell.swift; sourceTree = "<group>"; };
		994D92A821A1C1AC006AD23B /* SimilarMovieCollectionViewCell.xib */ = {isa = PBXFileReference; lastKnownFileType = file.xib; path = SimilarMovieCollectionViewCell.xib; sourceTree = "<group>"; };
		994D92AB21A1C284006AD23B /* Actor.swift */ = {isa = PBXFileReference; lastKnownFileType = sourcecode.swift; name = Actor.swift; path = MovieBestApp/View/SimilarMovieCollectionViewCell/Actor.swift; sourceTree = SOURCE_ROOT; };
		AAD5A8CC82B49DE603794060 /* Pods-MovieBestApp.debug.xcconfig */ = {isa = PBXFileReference; includeInIndex = 1; lastKnownFileType = text.xcconfig; name = "Pods-MovieBestApp.debug.xcconfig"; path = "Pods/Target Support Files/Pods-MovieBestApp/Pods-MovieBestApp.debug.xcconfig"; sourceTree = "<group>"; };
		C070A10CAF4C78DFCD336F55 /* Pods_MovieBestApp.framework */ = {isa = PBXFileReference; explicitFileType = wrapper.framework; includeInIndex = 0; path = Pods_MovieBestApp.framework; sourceTree = BUILT_PRODUCTS_DIR; };
		C7CC28EB762892F73E077B6B /* Pods-MovieBestAppUITests.debug.xcconfig */ = {isa = PBXFileReference; includeInIndex = 1; lastKnownFileType = text.xcconfig; name = "Pods-MovieBestAppUITests.debug.xcconfig"; path = "Pods/Target Support Files/Pods-MovieBestAppUITests/Pods-MovieBestAppUITests.debug.xcconfig"; sourceTree = "<group>"; };
		C8AB8F72219EF792006225E5 /* MovieBestApp.app */ = {isa = PBXFileReference; explicitFileType = wrapper.application; includeInIndex = 0; path = MovieBestApp.app; sourceTree = BUILT_PRODUCTS_DIR; };
		C8AB8F75219EF792006225E5 /* AppDelegate.swift */ = {isa = PBXFileReference; lastKnownFileType = sourcecode.swift; path = AppDelegate.swift; sourceTree = "<group>"; };
		C8AB8F7A219EF792006225E5 /* Base */ = {isa = PBXFileReference; lastKnownFileType = file.storyboard; name = Base; path = Base.lproj/Main.storyboard; sourceTree = "<group>"; };
		C8AB8F7C219EF794006225E5 /* Assets.xcassets */ = {isa = PBXFileReference; lastKnownFileType = folder.assetcatalog; path = Assets.xcassets; sourceTree = "<group>"; };
		C8AB8F7F219EF794006225E5 /* Base */ = {isa = PBXFileReference; lastKnownFileType = file.storyboard; name = Base; path = Base.lproj/LaunchScreen.storyboard; sourceTree = "<group>"; };
		C8AB8F81219EF794006225E5 /* Info.plist */ = {isa = PBXFileReference; lastKnownFileType = text.plist.xml; path = Info.plist; sourceTree = "<group>"; };
		C8AB8F86219EF794006225E5 /* MovieBestAppTests.xctest */ = {isa = PBXFileReference; explicitFileType = wrapper.cfbundle; includeInIndex = 0; path = MovieBestAppTests.xctest; sourceTree = BUILT_PRODUCTS_DIR; };
		C8AB8F8A219EF794006225E5 /* MovieBestAppTests.swift */ = {isa = PBXFileReference; lastKnownFileType = sourcecode.swift; path = MovieBestAppTests.swift; sourceTree = "<group>"; };
		C8AB8F8C219EF794006225E5 /* Info.plist */ = {isa = PBXFileReference; lastKnownFileType = text.plist.xml; path = Info.plist; sourceTree = "<group>"; };
		C8AB8F91219EF794006225E5 /* MovieBestAppUITests.xctest */ = {isa = PBXFileReference; explicitFileType = wrapper.cfbundle; includeInIndex = 0; path = MovieBestAppUITests.xctest; sourceTree = BUILT_PRODUCTS_DIR; };
		C8AB8F95219EF794006225E5 /* MovieBestAppUITests.swift */ = {isa = PBXFileReference; lastKnownFileType = sourcecode.swift; path = MovieBestAppUITests.swift; sourceTree = "<group>"; };
		C8AB8F97219EF794006225E5 /* Info.plist */ = {isa = PBXFileReference; lastKnownFileType = text.plist.xml; path = Info.plist; sourceTree = "<group>"; };
		C8AB8FA8219EF99A006225E5 /* MovieService.swift */ = {isa = PBXFileReference; lastKnownFileType = sourcecode.swift; path = MovieService.swift; sourceTree = "<group>"; };
		C8AB8FAA219EFA70006225E5 /* MovieViewController.swift */ = {isa = PBXFileReference; lastKnownFileType = sourcecode.swift; path = MovieViewController.swift; sourceTree = "<group>"; };
		D7A85BD0B0BE5DA992E5B3FB /* Pods-MovieBestAppTests.debug.xcconfig */ = {isa = PBXFileReference; includeInIndex = 1; lastKnownFileType = text.xcconfig; name = "Pods-MovieBestAppTests.debug.xcconfig"; path = "Pods/Target Support Files/Pods-MovieBestAppTests/Pods-MovieBestAppTests.debug.xcconfig"; sourceTree = "<group>"; };
		DE0F1B3A304600F38AA6BF53 /* Pods_MovieBestAppUITests.framework */ = {isa = PBXFileReference; explicitFileType = wrapper.framework; includeInIndex = 0; path = Pods_MovieBestAppUITests.framework; sourceTree = BUILT_PRODUCTS_DIR; };
/* End PBXFileReference section */

/* Begin PBXFrameworksBuildPhase section */
		C8AB8F6F219EF792006225E5 /* Frameworks */ = {
			isa = PBXFrameworksBuildPhase;
			buildActionMask = 2147483647;
			files = (
				3CAF78A067B5F2CA8711CB75 /* Pods_MovieBestApp.framework in Frameworks */,
			);
			runOnlyForDeploymentPostprocessing = 0;
		};
		C8AB8F83219EF794006225E5 /* Frameworks */ = {
			isa = PBXFrameworksBuildPhase;
			buildActionMask = 2147483647;
			files = (
				0D5166562C77ED61ECE2BED2 /* Pods_MovieBestAppTests.framework in Frameworks */,
			);
			runOnlyForDeploymentPostprocessing = 0;
		};
		C8AB8F8E219EF794006225E5 /* Frameworks */ = {
			isa = PBXFrameworksBuildPhase;
			buildActionMask = 2147483647;
			files = (
				BD3389BB5441AF33733B31A8 /* Pods_MovieBestAppUITests.framework in Frameworks */,
			);
			runOnlyForDeploymentPostprocessing = 0;
		};
/* End PBXFrameworksBuildPhase section */

/* Begin PBXGroup section */
		303EBB9A1870419EE7A09A13 /* Frameworks */ = {
			isa = PBXGroup;
			children = (
				C070A10CAF4C78DFCD336F55 /* Pods_MovieBestApp.framework */,
				49D5D8A973CCC034C09692C9 /* Pods_MovieBestAppTests.framework */,
				DE0F1B3A304600F38AA6BF53 /* Pods_MovieBestAppUITests.framework */,
			);
			name = Frameworks;
			sourceTree = "<group>";
		};
		990F088321A255C0002A729D /* Transition */ = {
			isa = PBXGroup;
			children = (
			);
			path = Transition;
			sourceTree = "<group>";
		};
		992D580121A1708F009BEB67 /* MovieTableViewCell */ = {
			isa = PBXGroup;
			children = (
				992D580221A170A4009BEB67 /* MovieTableViewCell.swift */,
				992D580321A170A4009BEB67 /* MovieTableViewCell.xib */,
			);
			path = MovieTableViewCell;
			sourceTree = "<group>";
		};
		992D580A21A1B52F009BEB67 /* ActorCollectionViewCell */ = {
			isa = PBXGroup;
			children = (
				992D581921A1C085009BEB67 /* ActorCollectionViewCell.swift */,
				992D581A21A1C085009BEB67 /* ActorCollectionViewCell.xib */,
			);
			path = ActorCollectionViewCell;
			sourceTree = "<group>";
		};
		992D580B21A1B53D009BEB67 /* SimilarMovieCollectionViewCell */ = {
			isa = PBXGroup;
			children = (
				994D92A721A1C1AC006AD23B /* SimilarMovieCollectionViewCell.swift */,
				994D92A821A1C1AC006AD23B /* SimilarMovieCollectionViewCell.xib */,
			);
			path = SimilarMovieCollectionViewCell;
			sourceTree = "<group>";
		};
		992D580C21A1B5AB009BEB67 /* DetailMovieTableViewCell */ = {
			isa = PBXGroup;
			children = (
				992D580E21A1B607009BEB67 /* DetailMovieTableViewCell.swift */,
				992D580F21A1B607009BEB67 /* DetailMovieTableViewCell.xib */,
			);
			path = DetailMovieTableViewCell;
			sourceTree = "<group>";
		};
		992D580D21A1B5C6009BEB67 /* ViewControllers */ = {
			isa = PBXGroup;
			children = (
				C8AB8FAA219EFA70006225E5 /* MovieViewController.swift */,
				992D580821A1A72E009BEB67 /* DetailMovieViewController.swift */,
			);
			path = ViewControllers;
			sourceTree = "<group>";
		};
		992D581421A1BEF1009BEB67 /* MovieCollectionViewTableViewCell */ = {
			isa = PBXGroup;
			children = (
				992D581521A1BF76009BEB67 /* MovieCollectionViewTableViewCell.swift */,
				992D581621A1BF76009BEB67 /* MovieCollectionViewTableViewCell.xib */,
			);
			path = MovieCollectionViewTableViewCell;
			sourceTree = "<group>";
		};
		B1D49B4BBBE45DEC9E28D7FB /* Pods */ = {
			isa = PBXGroup;
			children = (
				AAD5A8CC82B49DE603794060 /* Pods-MovieBestApp.debug.xcconfig */,
				8C5CA1D669890C3C31D1A6FF /* Pods-MovieBestApp.release.xcconfig */,
				D7A85BD0B0BE5DA992E5B3FB /* Pods-MovieBestAppTests.debug.xcconfig */,
				4F19E2C5D1D4AB22260498B0 /* Pods-MovieBestAppTests.release.xcconfig */,
				C7CC28EB762892F73E077B6B /* Pods-MovieBestAppUITests.debug.xcconfig */,
				3518A69E42BF087303F4B4D5 /* Pods-MovieBestAppUITests.release.xcconfig */,
			);
			name = Pods;
			sourceTree = "<group>";
		};
		C8AB8F69219EF792006225E5 = {
			isa = PBXGroup;
			children = (
				C8AB8F74219EF792006225E5 /* MovieBestApp */,
				C8AB8F89219EF794006225E5 /* MovieBestAppTests */,
				C8AB8F94219EF794006225E5 /* MovieBestAppUITests */,
				C8AB8F73219EF792006225E5 /* Products */,
				B1D49B4BBBE45DEC9E28D7FB /* Pods */,
				303EBB9A1870419EE7A09A13 /* Frameworks */,
			);
			sourceTree = "<group>";
		};
		C8AB8F73219EF792006225E5 /* Products */ = {
			isa = PBXGroup;
			children = (
				C8AB8F72219EF792006225E5 /* MovieBestApp.app */,
				C8AB8F86219EF794006225E5 /* MovieBestAppTests.xctest */,
				C8AB8F91219EF794006225E5 /* MovieBestAppUITests.xctest */,
			);
			name = Products;
			sourceTree = "<group>";
		};
		C8AB8F74219EF792006225E5 /* MovieBestApp */ = {
			isa = PBXGroup;
			children = (
				990F088321A255C0002A729D /* Transition */,
				C8AB8FA7219EF94D006225E5 /* Model */,
				C8AB8FA5219EF92E006225E5 /* View */,
				C8AB8FA6219EF946006225E5 /* ViewModel */,
				C8AB8FA4219EF911006225E5 /* Services */,
				C8AB8F75219EF792006225E5 /* AppDelegate.swift */,
				C8AB8F79219EF792006225E5 /* Main.storyboard */,
				C8AB8FA3219EF8ED006225E5 /* Utilities */,
			);
			path = MovieBestApp;
			sourceTree = "<group>";
		};
		C8AB8F89219EF794006225E5 /* MovieBestAppTests */ = {
			isa = PBXGroup;
			children = (
				C8AB8F8A219EF794006225E5 /* MovieBestAppTests.swift */,
				C8AB8F8C219EF794006225E5 /* Info.plist */,
			);
			path = MovieBestAppTests;
			sourceTree = "<group>";
		};
		C8AB8F94219EF794006225E5 /* MovieBestAppUITests */ = {
			isa = PBXGroup;
			children = (
				C8AB8F95219EF794006225E5 /* MovieBestAppUITests.swift */,
				C8AB8F97219EF794006225E5 /* Info.plist */,
			);
			path = MovieBestAppUITests;
			sourceTree = "<group>";
		};
		C8AB8FA3219EF8ED006225E5 /* Utilities */ = {
			isa = PBXGroup;
			children = (
				C8AB8F81219EF794006225E5 /* Info.plist */,
				C8AB8F7C219EF794006225E5 /* Assets.xcassets */,
				C8AB8F7E219EF794006225E5 /* LaunchScreen.storyboard */,
			);
			path = Utilities;
			sourceTree = "<group>";
		};
		C8AB8FA4219EF911006225E5 /* Services */ = {
			isa = PBXGroup;
			children = (
				C8AB8FA8219EF99A006225E5 /* MovieService.swift */,
			);
			path = Services;
			sourceTree = "<group>";
		};
		C8AB8FA5219EF92E006225E5 /* View */ = {
			isa = PBXGroup;
			children = (
				992D581421A1BEF1009BEB67 /* MovieCollectionViewTableViewCell */,
				992D580B21A1B53D009BEB67 /* SimilarMovieCollectionViewCell */,
				992D580A21A1B52F009BEB67 /* ActorCollectionViewCell */,
				992D580C21A1B5AB009BEB67 /* DetailMovieTableViewCell */,
				992D580121A1708F009BEB67 /* MovieTableViewCell */,
				992D580D21A1B5C6009BEB67 /* ViewControllers */,
			);
			path = View;
			sourceTree = "<group>";
		};
		C8AB8FA6219EF946006225E5 /* ViewModel */ = {
			isa = PBXGroup;
			children = (
			);
			path = ViewModel;
			sourceTree = "<group>";
		};
		C8AB8FA7219EF94D006225E5 /* Model */ = {
			isa = PBXGroup;
			children = (
				992D580621A17E2B009BEB67 /* Movie.swift */,
				994D92AB21A1C284006AD23B /* Actor.swift */,
			);
			path = Model;
			sourceTree = "<group>";
		};
/* End PBXGroup section */

/* Begin PBXNativeTarget section */
		C8AB8F71219EF792006225E5 /* MovieBestApp */ = {
			isa = PBXNativeTarget;
			buildConfigurationList = C8AB8F9A219EF794006225E5 /* Build configuration list for PBXNativeTarget "MovieBestApp" */;
			buildPhases = (
				6A66D1FA20C99D465128803D /* [CP] Check Pods Manifest.lock */,
				C8AB8F6E219EF792006225E5 /* Sources */,
				C8AB8F6F219EF792006225E5 /* Frameworks */,
				C8AB8F70219EF792006225E5 /* Resources */,
				F4C8384085AD644E3C2C5EDF /* [CP] Embed Pods Frameworks */,
			);
			buildRules = (
			);
			dependencies = (
			);
			name = MovieBestApp;
			productName = MovieBestApp;
			productReference = C8AB8F72219EF792006225E5 /* MovieBestApp.app */;
			productType = "com.apple.product-type.application";
		};
		C8AB8F85219EF794006225E5 /* MovieBestAppTests */ = {
			isa = PBXNativeTarget;
			buildConfigurationList = C8AB8F9D219EF794006225E5 /* Build configuration list for PBXNativeTarget "MovieBestAppTests" */;
			buildPhases = (
				CE318465B4AAAC7C0EA66D85 /* [CP] Check Pods Manifest.lock */,
				C8AB8F82219EF794006225E5 /* Sources */,
				C8AB8F83219EF794006225E5 /* Frameworks */,
				C8AB8F84219EF794006225E5 /* Resources */,
			);
			buildRules = (
			);
			dependencies = (
				C8AB8F88219EF794006225E5 /* PBXTargetDependency */,
			);
			name = MovieBestAppTests;
			productName = MovieBestAppTests;
			productReference = C8AB8F86219EF794006225E5 /* MovieBestAppTests.xctest */;
			productType = "com.apple.product-type.bundle.unit-test";
		};
		C8AB8F90219EF794006225E5 /* MovieBestAppUITests */ = {
			isa = PBXNativeTarget;
			buildConfigurationList = C8AB8FA0219EF794006225E5 /* Build configuration list for PBXNativeTarget "MovieBestAppUITests" */;
			buildPhases = (
				A31705FE85AF644CC883A214 /* [CP] Check Pods Manifest.lock */,
				C8AB8F8D219EF794006225E5 /* Sources */,
				C8AB8F8E219EF794006225E5 /* Frameworks */,
				C8AB8F8F219EF794006225E5 /* Resources */,
			);
			buildRules = (
			);
			dependencies = (
				C8AB8F93219EF794006225E5 /* PBXTargetDependency */,
			);
			name = MovieBestAppUITests;
			productName = MovieBestAppUITests;
			productReference = C8AB8F91219EF794006225E5 /* MovieBestAppUITests.xctest */;
			productType = "com.apple.product-type.bundle.ui-testing";
		};
/* End PBXNativeTarget section */

/* Begin PBXProject section */
		C8AB8F6A219EF792006225E5 /* Project object */ = {
			isa = PBXProject;
			attributes = {
				LastSwiftUpdateCheck = 1000;
				LastUpgradeCheck = 1000;
				ORGANIZATIONNAME = TemirlanMerekeyev;
				TargetAttributes = {
					C8AB8F71219EF792006225E5 = {
						CreatedOnToolsVersion = 10.0;
					};
					C8AB8F85219EF794006225E5 = {
						CreatedOnToolsVersion = 10.0;
						TestTargetID = C8AB8F71219EF792006225E5;
					};
					C8AB8F90219EF794006225E5 = {
						CreatedOnToolsVersion = 10.0;
						TestTargetID = C8AB8F71219EF792006225E5;
					};
				};
			};
			buildConfigurationList = C8AB8F6D219EF792006225E5 /* Build configuration list for PBXProject "MovieBestApp" */;
			compatibilityVersion = "Xcode 9.3";
			developmentRegion = en;
			hasScannedForEncodings = 0;
			knownRegions = (
				en,
				Base,
			);
			mainGroup = C8AB8F69219EF792006225E5;
			productRefGroup = C8AB8F73219EF792006225E5 /* Products */;
			projectDirPath = "";
			projectRoot = "";
			targets = (
				C8AB8F71219EF792006225E5 /* MovieBestApp */,
				C8AB8F85219EF794006225E5 /* MovieBestAppTests */,
				C8AB8F90219EF794006225E5 /* MovieBestAppUITests */,
			);
		};
/* End PBXProject section */

/* Begin PBXResourcesBuildPhase section */
		C8AB8F70219EF792006225E5 /* Resources */ = {
			isa = PBXResourcesBuildPhase;
			buildActionMask = 2147483647;
			files = (
				992D581121A1B607009BEB67 /* DetailMovieTableViewCell.xib in Resources */,
				C8AB8F80219EF794006225E5 /* LaunchScreen.storyboard in Resources */,
				C8AB8F7D219EF794006225E5 /* Assets.xcassets in Resources */,
				992D581821A1BF76009BEB67 /* MovieCollectionViewTableViewCell.xib in Resources */,
				992D580521A170A4009BEB67 /* MovieTableViewCell.xib in Resources */,
				C8AB8F7B219EF792006225E5 /* Main.storyboard in Resources */,
				992D581C21A1C085009BEB67 /* ActorCollectionViewCell.xib in Resources */,
				994D92AA21A1C1AC006AD23B /* SimilarMovieCollectionViewCell.xib in Resources */,
			);
			runOnlyForDeploymentPostprocessing = 0;
		};
		C8AB8F84219EF794006225E5 /* Resources */ = {
			isa = PBXResourcesBuildPhase;
			buildActionMask = 2147483647;
			files = (
			);
			runOnlyForDeploymentPostprocessing = 0;
		};
		C8AB8F8F219EF794006225E5 /* Resources */ = {
			isa = PBXResourcesBuildPhase;
			buildActionMask = 2147483647;
			files = (
			);
			runOnlyForDeploymentPostprocessing = 0;
		};
/* End PBXResourcesBuildPhase section */

/* Begin PBXShellScriptBuildPhase section */
		6A66D1FA20C99D465128803D /* [CP] Check Pods Manifest.lock */ = {
			isa = PBXShellScriptBuildPhase;
			buildActionMask = 2147483647;
			files = (
			);
			inputPaths = (
				"${PODS_PODFILE_DIR_PATH}/Podfile.lock",
				"${PODS_ROOT}/Manifest.lock",
			);
			name = "[CP] Check Pods Manifest.lock";
			outputPaths = (
				"$(DERIVED_FILE_DIR)/Pods-MovieBestApp-checkManifestLockResult.txt",
			);
			runOnlyForDeploymentPostprocessing = 0;
			shellPath = /bin/sh;
			shellScript = "diff \"${PODS_PODFILE_DIR_PATH}/Podfile.lock\" \"${PODS_ROOT}/Manifest.lock\" > /dev/null\nif [ $? != 0 ] ; then\n    # print error to STDERR\n    echo \"error: The sandbox is not in sync with the Podfile.lock. Run 'pod install' or update your CocoaPods installation.\" >&2\n    exit 1\nfi\n# This output is used by Xcode 'outputs' to avoid re-running this script phase.\necho \"SUCCESS\" > \"${SCRIPT_OUTPUT_FILE_0}\"\n";
			showEnvVarsInLog = 0;
		};
		A31705FE85AF644CC883A214 /* [CP] Check Pods Manifest.lock */ = {
			isa = PBXShellScriptBuildPhase;
			buildActionMask = 2147483647;
			files = (
			);
			inputPaths = (
				"${PODS_PODFILE_DIR_PATH}/Podfile.lock",
				"${PODS_ROOT}/Manifest.lock",
			);
			name = "[CP] Check Pods Manifest.lock";
			outputPaths = (
				"$(DERIVED_FILE_DIR)/Pods-MovieBestAppUITests-checkManifestLockResult.txt",
			);
			runOnlyForDeploymentPostprocessing = 0;
			shellPath = /bin/sh;
			shellScript = "diff \"${PODS_PODFILE_DIR_PATH}/Podfile.lock\" \"${PODS_ROOT}/Manifest.lock\" > /dev/null\nif [ $? != 0 ] ; then\n    # print error to STDERR\n    echo \"error: The sandbox is not in sync with the Podfile.lock. Run 'pod install' or update your CocoaPods installation.\" >&2\n    exit 1\nfi\n# This output is used by Xcode 'outputs' to avoid re-running this script phase.\necho \"SUCCESS\" > \"${SCRIPT_OUTPUT_FILE_0}\"\n";
			showEnvVarsInLog = 0;
		};
		CE318465B4AAAC7C0EA66D85 /* [CP] Check Pods Manifest.lock */ = {
			isa = PBXShellScriptBuildPhase;
			buildActionMask = 2147483647;
			files = (
			);
			inputPaths = (
				"${PODS_PODFILE_DIR_PATH}/Podfile.lock",
				"${PODS_ROOT}/Manifest.lock",
			);
			name = "[CP] Check Pods Manifest.lock";
			outputPaths = (
				"$(DERIVED_FILE_DIR)/Pods-MovieBestAppTests-checkManifestLockResult.txt",
			);
			runOnlyForDeploymentPostprocessing = 0;
			shellPath = /bin/sh;
			shellScript = "diff \"${PODS_PODFILE_DIR_PATH}/Podfile.lock\" \"${PODS_ROOT}/Manifest.lock\" > /dev/null\nif [ $? != 0 ] ; then\n    # print error to STDERR\n    echo \"error: The sandbox is not in sync with the Podfile.lock. Run 'pod install' or update your CocoaPods installation.\" >&2\n    exit 1\nfi\n# This output is used by Xcode 'outputs' to avoid re-running this script phase.\necho \"SUCCESS\" > \"${SCRIPT_OUTPUT_FILE_0}\"\n";
			showEnvVarsInLog = 0;
		};
		F4C8384085AD644E3C2C5EDF /* [CP] Embed Pods Frameworks */ = {
			isa = PBXShellScriptBuildPhase;
			buildActionMask = 2147483647;
			files = (
			);
			inputPaths = (
				"${SRCROOT}/Pods/Target Support Files/Pods-MovieBestApp/Pods-MovieBestApp-frameworks.sh",
				"${BUILT_PRODUCTS_DIR}/Alamofire/Alamofire.framework",
				"${BUILT_PRODUCTS_DIR}/Moya/Moya.framework",
				"${BUILT_PRODUCTS_DIR}/ObjectMapper/ObjectMapper.framework",
				"${BUILT_PRODUCTS_DIR}/Result/Result.framework",
				"${BUILT_PRODUCTS_DIR}/SDWebImage/SDWebImage.framework",
			);
			name = "[CP] Embed Pods Frameworks";
			outputPaths = (
				"${TARGET_BUILD_DIR}/${FRAMEWORKS_FOLDER_PATH}/Alamofire.framework",
				"${TARGET_BUILD_DIR}/${FRAMEWORKS_FOLDER_PATH}/Moya.framework",
				"${TARGET_BUILD_DIR}/${FRAMEWORKS_FOLDER_PATH}/ObjectMapper.framework",
				"${TARGET_BUILD_DIR}/${FRAMEWORKS_FOLDER_PATH}/Result.framework",
				"${TARGET_BUILD_DIR}/${FRAMEWORKS_FOLDER_PATH}/SDWebImage.framework",
			);
			runOnlyForDeploymentPostprocessing = 0;
			shellPath = /bin/sh;
			shellScript = "\"${SRCROOT}/Pods/Target Support Files/Pods-MovieBestApp/Pods-MovieBestApp-frameworks.sh\"\n";
			showEnvVarsInLog = 0;
		};
/* End PBXShellScriptBuildPhase section */

/* Begin PBXSourcesBuildPhase section */
		C8AB8F6E219EF792006225E5 /* Sources */ = {
			isa = PBXSourcesBuildPhase;
			buildActionMask = 2147483647;
			files = (
				992D581021A1B607009BEB67 /* DetailMovieTableViewCell.swift in Sources */,
				992D581B21A1C085009BEB67 /* ActorCollectionViewCell.swift in Sources */,
				992D580721A17E2B009BEB67 /* Movie.swift in Sources */,
				C8AB8FA9219EF99A006225E5 /* MovieService.swift in Sources */,
				994D92AC21A1C284006AD23B /* Actor.swift in Sources */,
				992D581721A1BF76009BEB67 /* MovieCollectionViewTableViewCell.swift in Sources */,
				994D92A921A1C1AC006AD23B /* SimilarMovieCollectionViewCell.swift in Sources */,
				C8AB8F76219EF792006225E5 /* AppDelegate.swift in Sources */,
				992D580421A170A4009BEB67 /* MovieTableViewCell.swift in Sources */,
				992D580921A1A72E009BEB67 /* DetailMovieViewController.swift in Sources */,
				C8AB8FAB219EFA70006225E5 /* MovieViewController.swift in Sources */,
			);
			runOnlyForDeploymentPostprocessing = 0;
		};
		C8AB8F82219EF794006225E5 /* Sources */ = {
			isa = PBXSourcesBuildPhase;
			buildActionMask = 2147483647;
			files = (
				C8AB8F8B219EF794006225E5 /* MovieBestAppTests.swift in Sources */,
			);
			runOnlyForDeploymentPostprocessing = 0;
		};
		C8AB8F8D219EF794006225E5 /* Sources */ = {
			isa = PBXSourcesBuildPhase;
			buildActionMask = 2147483647;
			files = (
				C8AB8F96219EF794006225E5 /* MovieBestAppUITests.swift in Sources */,
			);
			runOnlyForDeploymentPostprocessing = 0;
		};
/* End PBXSourcesBuildPhase section */

/* Begin PBXTargetDependency section */
		C8AB8F88219EF794006225E5 /* PBXTargetDependency */ = {
			isa = PBXTargetDependency;
			target = C8AB8F71219EF792006225E5 /* MovieBestApp */;
			targetProxy = C8AB8F87219EF794006225E5 /* PBXContainerItemProxy */;
		};
		C8AB8F93219EF794006225E5 /* PBXTargetDependency */ = {
			isa = PBXTargetDependency;
			target = C8AB8F71219EF792006225E5 /* MovieBestApp */;
			targetProxy = C8AB8F92219EF794006225E5 /* PBXContainerItemProxy */;
		};
/* End PBXTargetDependency section */

/* Begin PBXVariantGroup section */
		C8AB8F79219EF792006225E5 /* Main.storyboard */ = {
			isa = PBXVariantGroup;
			children = (
				C8AB8F7A219EF792006225E5 /* Base */,
			);
			name = Main.storyboard;
			sourceTree = "<group>";
		};
		C8AB8F7E219EF794006225E5 /* LaunchScreen.storyboard */ = {
			isa = PBXVariantGroup;
			children = (
				C8AB8F7F219EF794006225E5 /* Base */,
			);
			name = LaunchScreen.storyboard;
			sourceTree = "<group>";
		};
/* End PBXVariantGroup section */

/* Begin XCBuildConfiguration section */
		C8AB8F98219EF794006225E5 /* Debug */ = {
			isa = XCBuildConfiguration;
			buildSettings = {
				ALWAYS_SEARCH_USER_PATHS = NO;
				CLANG_ANALYZER_NONNULL = YES;
				CLANG_ANALYZER_NUMBER_OBJECT_CONVERSION = YES_AGGRESSIVE;
				CLANG_CXX_LANGUAGE_STANDARD = "gnu++14";
				CLANG_CXX_LIBRARY = "libc++";
				CLANG_ENABLE_MODULES = YES;
				CLANG_ENABLE_OBJC_ARC = YES;
				CLANG_ENABLE_OBJC_WEAK = YES;
				CLANG_WARN_BLOCK_CAPTURE_AUTORELEASING = YES;
				CLANG_WARN_BOOL_CONVERSION = YES;
				CLANG_WARN_COMMA = YES;
				CLANG_WARN_CONSTANT_CONVERSION = YES;
				CLANG_WARN_DEPRECATED_OBJC_IMPLEMENTATIONS = YES;
				CLANG_WARN_DIRECT_OBJC_ISA_USAGE = YES_ERROR;
				CLANG_WARN_DOCUMENTATION_COMMENTS = YES;
				CLANG_WARN_EMPTY_BODY = YES;
				CLANG_WARN_ENUM_CONVERSION = YES;
				CLANG_WARN_INFINITE_RECURSION = YES;
				CLANG_WARN_INT_CONVERSION = YES;
				CLANG_WARN_NON_LITERAL_NULL_CONVERSION = YES;
				CLANG_WARN_OBJC_IMPLICIT_RETAIN_SELF = YES;
				CLANG_WARN_OBJC_LITERAL_CONVERSION = YES;
				CLANG_WARN_OBJC_ROOT_CLASS = YES_ERROR;
				CLANG_WARN_RANGE_LOOP_ANALYSIS = YES;
				CLANG_WARN_STRICT_PROTOTYPES = YES;
				CLANG_WARN_SUSPICIOUS_MOVE = YES;
				CLANG_WARN_UNGUARDED_AVAILABILITY = YES_AGGRESSIVE;
				CLANG_WARN_UNREACHABLE_CODE = YES;
				CLANG_WARN__DUPLICATE_METHOD_MATCH = YES;
				CODE_SIGN_IDENTITY = "iPhone Developer";
				COPY_PHASE_STRIP = NO;
				DEBUG_INFORMATION_FORMAT = dwarf;
				ENABLE_STRICT_OBJC_MSGSEND = YES;
				ENABLE_TESTABILITY = YES;
				GCC_C_LANGUAGE_STANDARD = gnu11;
				GCC_DYNAMIC_NO_PIC = NO;
				GCC_NO_COMMON_BLOCKS = YES;
				GCC_OPTIMIZATION_LEVEL = 0;
				GCC_PREPROCESSOR_DEFINITIONS = (
					"DEBUG=1",
					"$(inherited)",
				);
				GCC_WARN_64_TO_32_BIT_CONVERSION = YES;
				GCC_WARN_ABOUT_RETURN_TYPE = YES_ERROR;
				GCC_WARN_UNDECLARED_SELECTOR = YES;
				GCC_WARN_UNINITIALIZED_AUTOS = YES_AGGRESSIVE;
				GCC_WARN_UNUSED_FUNCTION = YES;
				GCC_WARN_UNUSED_VARIABLE = YES;
				IPHONEOS_DEPLOYMENT_TARGET = 12.0;
				MTL_ENABLE_DEBUG_INFO = INCLUDE_SOURCE;
				MTL_FAST_MATH = YES;
				ONLY_ACTIVE_ARCH = YES;
				SDKROOT = iphoneos;
				SWIFT_ACTIVE_COMPILATION_CONDITIONS = DEBUG;
				SWIFT_OPTIMIZATION_LEVEL = "-Onone";
			};
			name = Debug;
		};
		C8AB8F99219EF794006225E5 /* Release */ = {
			isa = XCBuildConfiguration;
			buildSettings = {
				ALWAYS_SEARCH_USER_PATHS = NO;
				CLANG_ANALYZER_NONNULL = YES;
				CLANG_ANALYZER_NUMBER_OBJECT_CONVERSION = YES_AGGRESSIVE;
				CLANG_CXX_LANGUAGE_STANDARD = "gnu++14";
				CLANG_CXX_LIBRARY = "libc++";
				CLANG_ENABLE_MODULES = YES;
				CLANG_ENABLE_OBJC_ARC = YES;
				CLANG_ENABLE_OBJC_WEAK = YES;
				CLANG_WARN_BLOCK_CAPTURE_AUTORELEASING = YES;
				CLANG_WARN_BOOL_CONVERSION = YES;
				CLANG_WARN_COMMA = YES;
				CLANG_WARN_CONSTANT_CONVERSION = YES;
				CLANG_WARN_DEPRECATED_OBJC_IMPLEMENTATIONS = YES;
				CLANG_WARN_DIRECT_OBJC_ISA_USAGE = YES_ERROR;
				CLANG_WARN_DOCUMENTATION_COMMENTS = YES;
				CLANG_WARN_EMPTY_BODY = YES;
				CLANG_WARN_ENUM_CONVERSION = YES;
				CLANG_WARN_INFINITE_RECURSION = YES;
				CLANG_WARN_INT_CONVERSION = YES;
				CLANG_WARN_NON_LITERAL_NULL_CONVERSION = YES;
				CLANG_WARN_OBJC_IMPLICIT_RETAIN_SELF = YES;
				CLANG_WARN_OBJC_LITERAL_CONVERSION = YES;
				CLANG_WARN_OBJC_ROOT_CLASS = YES_ERROR;
				CLANG_WARN_RANGE_LOOP_ANALYSIS = YES;
				CLANG_WARN_STRICT_PROTOTYPES = YES;
				CLANG_WARN_SUSPICIOUS_MOVE = YES;
				CLANG_WARN_UNGUARDED_AVAILABILITY = YES_AGGRESSIVE;
				CLANG_WARN_UNREACHABLE_CODE = YES;
				CLANG_WARN__DUPLICATE_METHOD_MATCH = YES;
				CODE_SIGN_IDENTITY = "iPhone Developer";
				COPY_PHASE_STRIP = NO;
				DEBUG_INFORMATION_FORMAT = "dwarf-with-dsym";
				ENABLE_NS_ASSERTIONS = NO;
				ENABLE_STRICT_OBJC_MSGSEND = YES;
				GCC_C_LANGUAGE_STANDARD = gnu11;
				GCC_NO_COMMON_BLOCKS = YES;
				GCC_WARN_64_TO_32_BIT_CONVERSION = YES;
				GCC_WARN_ABOUT_RETURN_TYPE = YES_ERROR;
				GCC_WARN_UNDECLARED_SELECTOR = YES;
				GCC_WARN_UNINITIALIZED_AUTOS = YES_AGGRESSIVE;
				GCC_WARN_UNUSED_FUNCTION = YES;
				GCC_WARN_UNUSED_VARIABLE = YES;
				IPHONEOS_DEPLOYMENT_TARGET = 12.0;
				MTL_ENABLE_DEBUG_INFO = NO;
				MTL_FAST_MATH = YES;
				SDKROOT = iphoneos;
				SWIFT_COMPILATION_MODE = wholemodule;
				SWIFT_OPTIMIZATION_LEVEL = "-O";
				VALIDATE_PRODUCT = YES;
			};
			name = Release;
		};
		C8AB8F9B219EF794006225E5 /* Debug */ = {
			isa = XCBuildConfiguration;
			baseConfigurationReference = AAD5A8CC82B49DE603794060 /* Pods-MovieBestApp.debug.xcconfig */;
			buildSettings = {
				ASSETCATALOG_COMPILER_APPICON_NAME = AppIcon;
				CODE_SIGN_STYLE = Automatic;
				DEVELOPMENT_TEAM = Z92VBSZT25;
				INFOPLIST_FILE = "$(SRCROOT)/MovieBestApp/Utilities/Info.plist";
				LD_RUNPATH_SEARCH_PATHS = (
					"$(inherited)",
					"@executable_path/Frameworks",
				);
				PRODUCT_BUNDLE_IDENTIFIER = com.merekeyevtemirlan.MovieBestApp;
				PRODUCT_NAME = "$(TARGET_NAME)";
				SWIFT_VERSION = 4.2;
				TARGETED_DEVICE_FAMILY = "1,2";
			};
			name = Debug;
		};
		C8AB8F9C219EF794006225E5 /* Release */ = {
			isa = XCBuildConfiguration;
			baseConfigurationReference = 8C5CA1D669890C3C31D1A6FF /* Pods-MovieBestApp.release.xcconfig */;
			buildSettings = {
				ASSETCATALOG_COMPILER_APPICON_NAME = AppIcon;
				CODE_SIGN_STYLE = Automatic;
				DEVELOPMENT_TEAM = Z92VBSZT25;
				INFOPLIST_FILE = "$(SRCROOT)/MovieBestApp/Utilities/Info.plist";
				LD_RUNPATH_SEARCH_PATHS = (
					"$(inherited)",
					"@executable_path/Frameworks",
				);
				PRODUCT_BUNDLE_IDENTIFIER = com.merekeyevtemirlan.MovieBestApp;
				PRODUCT_NAME = "$(TARGET_NAME)";
				SWIFT_VERSION = 4.2;
				TARGETED_DEVICE_FAMILY = "1,2";
			};
			name = Release;
		};
		C8AB8F9E219EF794006225E5 /* Debug */ = {
			isa = XCBuildConfiguration;
			baseConfigurationReference = D7A85BD0B0BE5DA992E5B3FB /* Pods-MovieBestAppTests.debug.xcconfig */;
			buildSettings = {
				ALWAYS_EMBED_SWIFT_STANDARD_LIBRARIES = YES;
				BUNDLE_LOADER = "$(TEST_HOST)";
				CODE_SIGN_STYLE = Automatic;
				DEVELOPMENT_TEAM = Z92VBSZT25;
				INFOPLIST_FILE = MovieBestAppTests/Info.plist;
				LD_RUNPATH_SEARCH_PATHS = (
					"$(inherited)",
					"@executable_path/Frameworks",
					"@loader_path/Frameworks",
				);
				PRODUCT_BUNDLE_IDENTIFIER = com.merekeyevtemirlan.MovieBestAppTests;
				PRODUCT_NAME = "$(TARGET_NAME)";
				SWIFT_VERSION = 4.2;
				TARGETED_DEVICE_FAMILY = "1,2";
				TEST_HOST = "$(BUILT_PRODUCTS_DIR)/MovieBestApp.app/MovieBestApp";
			};
			name = Debug;
		};
		C8AB8F9F219EF794006225E5 /* Release */ = {
			isa = XCBuildConfiguration;
			baseConfigurationReference = 4F19E2C5D1D4AB22260498B0 /* Pods-MovieBestAppTests.release.xcconfig */;
			buildSettings = {
				ALWAYS_EMBED_SWIFT_STANDARD_LIBRARIES = YES;
				BUNDLE_LOADER = "$(TEST_HOST)";
				CODE_SIGN_STYLE = Automatic;
				DEVELOPMENT_TEAM = Z92VBSZT25;
				INFOPLIST_FILE = MovieBestAppTests/Info.plist;
				LD_RUNPATH_SEARCH_PATHS = (
					"$(inherited)",
					"@executable_path/Frameworks",
					"@loader_path/Frameworks",
				);
				PRODUCT_BUNDLE_IDENTIFIER = com.merekeyevtemirlan.MovieBestAppTests;
				PRODUCT_NAME = "$(TARGET_NAME)";
				SWIFT_VERSION = 4.2;
				TARGETED_DEVICE_FAMILY = "1,2";
				TEST_HOST = "$(BUILT_PRODUCTS_DIR)/MovieBestApp.app/MovieBestApp";
			};
			name = Release;
		};
		C8AB8FA1219EF794006225E5 /* Debug */ = {
			isa = XCBuildConfiguration;
			baseConfigurationReference = C7CC28EB762892F73E077B6B /* Pods-MovieBestAppUITests.debug.xcconfig */;
			buildSettings = {
				ALWAYS_EMBED_SWIFT_STANDARD_LIBRARIES = YES;
				CODE_SIGN_STYLE = Automatic;
				DEVELOPMENT_TEAM = Z92VBSZT25;
				INFOPLIST_FILE = MovieBestAppUITests/Info.plist;
				LD_RUNPATH_SEARCH_PATHS = (
					"$(inherited)",
					"@executable_path/Frameworks",
					"@loader_path/Frameworks",
				);
				PRODUCT_BUNDLE_IDENTIFIER = com.merekeyevtemirlan.MovieBestAppUITests;
				PRODUCT_NAME = "$(TARGET_NAME)";
				SWIFT_VERSION = 4.2;
				TARGETED_DEVICE_FAMILY = "1,2";
				TEST_TARGET_NAME = MovieBestApp;
			};
			name = Debug;
		};
		C8AB8FA2219EF794006225E5 /* Release */ = {
			isa = XCBuildConfiguration;
			baseConfigurationReference = 3518A69E42BF087303F4B4D5 /* Pods-MovieBestAppUITests.release.xcconfig */;
			buildSettings = {
				ALWAYS_EMBED_SWIFT_STANDARD_LIBRARIES = YES;
				CODE_SIGN_STYLE = Automatic;
				DEVELOPMENT_TEAM = Z92VBSZT25;
				INFOPLIST_FILE = MovieBestAppUITests/Info.plist;
				LD_RUNPATH_SEARCH_PATHS = (
					"$(inherited)",
					"@executable_path/Frameworks",
					"@loader_path/Frameworks",
				);
				PRODUCT_BUNDLE_IDENTIFIER = com.merekeyevtemirlan.MovieBestAppUITests;
				PRODUCT_NAME = "$(TARGET_NAME)";
				SWIFT_VERSION = 4.2;
				TARGETED_DEVICE_FAMILY = "1,2";
				TEST_TARGET_NAME = MovieBestApp;
			};
			name = Release;
		};
/* End XCBuildConfiguration section */

/* Begin XCConfigurationList section */
		C8AB8F6D219EF792006225E5 /* Build configuration list for PBXProject "MovieBestApp" */ = {
			isa = XCConfigurationList;
			buildConfigurations = (
				C8AB8F98219EF794006225E5 /* Debug */,
				C8AB8F99219EF794006225E5 /* Release */,
			);
			defaultConfigurationIsVisible = 0;
			defaultConfigurationName = Release;
		};
		C8AB8F9A219EF794006225E5 /* Build configuration list for PBXNativeTarget "MovieBestApp" */ = {
			isa = XCConfigurationList;
			buildConfigurations = (
				C8AB8F9B219EF794006225E5 /* Debug */,
				C8AB8F9C219EF794006225E5 /* Release */,
			);
			defaultConfigurationIsVisible = 0;
			defaultConfigurationName = Release;
		};
		C8AB8F9D219EF794006225E5 /* Build configuration list for PBXNativeTarget "MovieBestAppTests" */ = {
			isa = XCConfigurationList;
			buildConfigurations = (
				C8AB8F9E219EF794006225E5 /* Debug */,
				C8AB8F9F219EF794006225E5 /* Release */,
			);
			defaultConfigurationIsVisible = 0;
			defaultConfigurationName = Release;
		};
		C8AB8FA0219EF794006225E5 /* Build configuration list for PBXNativeTarget "MovieBestAppUITests" */ = {
			isa = XCConfigurationList;
			buildConfigurations = (
				C8AB8FA1219EF794006225E5 /* Debug */,
				C8AB8FA2219EF794006225E5 /* Release */,
			);
			defaultConfigurationIsVisible = 0;
			defaultConfigurationName = Release;
		};
/* End XCConfigurationList section */
	};
	rootObject = C8AB8F6A219EF792006225E5 /* Project object */;
}
